// !$*UTF8*$!
{
	archiveVersion = 1;
	classes = {
	};
	objectVersion = 56;
	objects = {

/* Begin PBXBuildFile section */
		48349B1C2ACCCADA00F672E3 /* BioView.swift in Sources */ = {isa = PBXBuildFile; fileRef = 48349B1B2ACCCADA00F672E3 /* BioView.swift */; };
		48349B202ACCCAEF00F672E3 /* CalendarView.swift in Sources */ = {isa = PBXBuildFile; fileRef = 48349B1F2ACCCAEF00F672E3 /* CalendarView.swift */; };
		48349B222ACCCAF600F672E3 /* MapView.swift in Sources */ = {isa = PBXBuildFile; fileRef = 48349B212ACCCAF600F672E3 /* MapView.swift */; };
		489E36132AD8ACE900369ECB /* Comment.swift in Sources */ = {isa = PBXBuildFile; fileRef = 489E36122AD8ACE900369ECB /* Comment.swift */; };
		664B8F062AC5F1AA001E8C7F /* FlavorFeedApp.swift in Sources */ = {isa = PBXBuildFile; fileRef = 664B8F052AC5F1AA001E8C7F /* FlavorFeedApp.swift */; };
		664B8F0A2AC5F1AB001E8C7F /* Assets.xcassets in Resources */ = {isa = PBXBuildFile; fileRef = 664B8F092AC5F1AB001E8C7F /* Assets.xcassets */; };
		664B8F0D2AC5F1AB001E8C7F /* Preview Assets.xcassets in Resources */ = {isa = PBXBuildFile; fileRef = 664B8F0C2AC5F1AB001E8C7F /* Preview Assets.xcassets */; };
		664B8F172AC5F1AB001E8C7F /* FlavorFeedTests.swift in Sources */ = {isa = PBXBuildFile; fileRef = 664B8F162AC5F1AB001E8C7F /* FlavorFeedTests.swift */; };
		664B8F212AC5F1AB001E8C7F /* FlavorFeedUITests.swift in Sources */ = {isa = PBXBuildFile; fileRef = 664B8F202AC5F1AB001E8C7F /* FlavorFeedUITests.swift */; };
		664B8F232AC5F1AB001E8C7F /* FlavorFeedUITestsLaunchTests.swift in Sources */ = {isa = PBXBuildFile; fileRef = 664B8F222AC5F1AB001E8C7F /* FlavorFeedUITestsLaunchTests.swift */; };
		665113502AC601E900027654 /* Post.swift in Sources */ = {isa = PBXBuildFile; fileRef = 6651134F2AC601E900027654 /* Post.swift */; };
		665113522AC6021800027654 /* User.swift in Sources */ = {isa = PBXBuildFile; fileRef = 665113512AC6021800027654 /* User.swift */; };
		668CD5172AEC1D5000A64DF1 /* LandingPage.swift in Sources */ = {isa = PBXBuildFile; fileRef = 668CD5162AEC1D5000A64DF1 /* LandingPage.swift */; };
		668CD5192AEC1D6500A64DF1 /* ContactsView.swift in Sources */ = {isa = PBXBuildFile; fileRef = 668CD5182AEC1D6500A64DF1 /* ContactsView.swift */; };
		668CD51B2AEC1D6F00A64DF1 /* MainScrollView.swift in Sources */ = {isa = PBXBuildFile; fileRef = 668CD51A2AEC1D6F00A64DF1 /* MainScrollView.swift */; };
		668CD51F2AEC205300A64DF1 /* PinsView.swift in Sources */ = {isa = PBXBuildFile; fileRef = 668CD51E2AEC205300A64DF1 /* PinsView.swift */; };
		669C94B02AE98C770075BE66 /* ToolBars.swift in Sources */ = {isa = PBXBuildFile; fileRef = 669C94AF2AE98C770075BE66 /* ToolBars.swift */; };
		B212922E2ACD20300064AE5D /* FirebaseAuth in Frameworks */ = {isa = PBXBuildFile; productRef = B212922D2ACD20300064AE5D /* FirebaseAuth */; };
		B21292302ACD20300064AE5D /* FirebaseAuthCombine-Community in Frameworks */ = {isa = PBXBuildFile; productRef = B212922F2ACD20300064AE5D /* FirebaseAuthCombine-Community */; };
		B21292322ACD20300064AE5D /* FirebaseDatabase in Frameworks */ = {isa = PBXBuildFile; productRef = B21292312ACD20300064AE5D /* FirebaseDatabase */; };
		B21292342ACD20300064AE5D /* FirebaseDatabaseSwift in Frameworks */ = {isa = PBXBuildFile; productRef = B21292332ACD20300064AE5D /* FirebaseDatabaseSwift */; };
		B21292362ACD20300064AE5D /* FirebaseFirestore in Frameworks */ = {isa = PBXBuildFile; productRef = B21292352ACD20300064AE5D /* FirebaseFirestore */; };
		B21292382ACD20300064AE5D /* FirebaseFirestoreCombine-Community in Frameworks */ = {isa = PBXBuildFile; productRef = B21292372ACD20300064AE5D /* FirebaseFirestoreCombine-Community */; };
		B212923A2ACD20300064AE5D /* FirebaseFirestoreSwift in Frameworks */ = {isa = PBXBuildFile; productRef = B21292392ACD20300064AE5D /* FirebaseFirestoreSwift */; };
		B212923C2ACD20300064AE5D /* FirebaseInAppMessaging-Beta in Frameworks */ = {isa = PBXBuildFile; productRef = B212923B2ACD20300064AE5D /* FirebaseInAppMessaging-Beta */; };
		B212923E2ACD20300064AE5D /* FirebaseInAppMessagingSwift-Beta in Frameworks */ = {isa = PBXBuildFile; productRef = B212923D2ACD20300064AE5D /* FirebaseInAppMessagingSwift-Beta */; };
		B21292402ACD20300064AE5D /* FirebaseMessaging in Frameworks */ = {isa = PBXBuildFile; productRef = B212923F2ACD20300064AE5D /* FirebaseMessaging */; };
		B21292422ACD20300064AE5D /* FirebaseStorage in Frameworks */ = {isa = PBXBuildFile; productRef = B21292412ACD20300064AE5D /* FirebaseStorage */; };
		B21292442ACD20300064AE5D /* FirebaseStorageCombine-Community in Frameworks */ = {isa = PBXBuildFile; productRef = B21292432ACD20300064AE5D /* FirebaseStorageCombine-Community */; };
		B21292462ACD20480064AE5D /* GoogleService-Info.plist in Resources */ = {isa = PBXBuildFile; fileRef = B21292452ACD20480064AE5D /* GoogleService-Info.plist */; };
		B21292482ACD20850064AE5D /* FirebaseAnalytics in Frameworks */ = {isa = PBXBuildFile; productRef = B21292472ACD20850064AE5D /* FirebaseAnalytics */; };
		B212924A2ACD20850064AE5D /* FirebaseAnalyticsOnDeviceConversion in Frameworks */ = {isa = PBXBuildFile; productRef = B21292492ACD20850064AE5D /* FirebaseAnalyticsOnDeviceConversion */; };
		B212924C2ACD20850064AE5D /* FirebaseAnalyticsSwift in Frameworks */ = {isa = PBXBuildFile; productRef = B212924B2ACD20850064AE5D /* FirebaseAnalyticsSwift */; };
		B212924E2ACD20850064AE5D /* FirebaseAnalyticsWithoutAdIdSupport in Frameworks */ = {isa = PBXBuildFile; productRef = B212924D2ACD20850064AE5D /* FirebaseAnalyticsWithoutAdIdSupport */; };
		B212924F2ACD213C0064AE5D /* (null) in Sources */ = {isa = PBXBuildFile; };
		B21292512ACD21500064AE5D /* ViewModel.swift in Sources */ = {isa = PBXBuildFile; fileRef = B21292502ACD21500064AE5D /* ViewModel.swift */; };
		B2BACCCB2ACF12B300F942A3 /* (null) in Sources */ = {isa = PBXBuildFile; };
		B2BACCCC2ACF12B300F942A3 /* (null) in Sources */ = {isa = PBXBuildFile; };
		B2BACCCD2ACF12B300F942A3 /* SelfProfileView.swift in Sources */ = {isa = PBXBuildFile; fileRef = 6602DD8B2AC625EF008C3177 /* SelfProfileView.swift */; };
		B2BACCCF2ACF132000F942A3 /* ContentView.swift in Sources */ = {isa = PBXBuildFile; fileRef = B2BACCCE2ACF132000F942A3 /* ContentView.swift */; };
		B2BACCD12ACF136B00F942A3 /* Onboarding.swift in Sources */ = {isa = PBXBuildFile; fileRef = B2BACCD02ACF136B00F942A3 /* Onboarding.swift */; };
		B2FCB8FF2AC63AA200865FCF /* FFColors.swift in Sources */ = {isa = PBXBuildFile; fileRef = B2FCB8FE2AC63AA100865FCF /* FFColors.swift */; };
		BF0C62DB2ADF4399003A7553 /* LoginView.swift in Sources */ = {isa = PBXBuildFile; fileRef = BF0C62DA2ADF4399003A7553 /* LoginView.swift */; };
		BF0C62DD2ADF43A6003A7553 /* SignupView.swift in Sources */ = {isa = PBXBuildFile; fileRef = BF0C62DC2ADF43A6003A7553 /* SignupView.swift */; };
/* End PBXBuildFile section */

/* Begin PBXContainerItemProxy section */
		664B8F132AC5F1AB001E8C7F /* PBXContainerItemProxy */ = {
			isa = PBXContainerItemProxy;
			containerPortal = 664B8EFA2AC5F1AA001E8C7F /* Project object */;
			proxyType = 1;
			remoteGlobalIDString = 664B8F012AC5F1AA001E8C7F;
			remoteInfo = FlavorFeed;
		};
		664B8F1D2AC5F1AB001E8C7F /* PBXContainerItemProxy */ = {
			isa = PBXContainerItemProxy;
			containerPortal = 664B8EFA2AC5F1AA001E8C7F /* Project object */;
			proxyType = 1;
			remoteGlobalIDString = 664B8F012AC5F1AA001E8C7F;
			remoteInfo = FlavorFeed;
		};
/* End PBXContainerItemProxy section */

/* Begin PBXFileReference section */
		48349B1B2ACCCADA00F672E3 /* BioView.swift */ = {isa = PBXFileReference; lastKnownFileType = sourcecode.swift; path = BioView.swift; sourceTree = "<group>"; };
		48349B1F2ACCCAEF00F672E3 /* CalendarView.swift */ = {isa = PBXFileReference; lastKnownFileType = sourcecode.swift; path = CalendarView.swift; sourceTree = "<group>"; };
		48349B212ACCCAF600F672E3 /* MapView.swift */ = {isa = PBXFileReference; lastKnownFileType = sourcecode.swift; path = MapView.swift; sourceTree = "<group>"; };
		489E36122AD8ACE900369ECB /* Comment.swift */ = {isa = PBXFileReference; lastKnownFileType = sourcecode.swift; path = Comment.swift; sourceTree = "<group>"; };
		6602DD8B2AC625EF008C3177 /* SelfProfileView.swift */ = {isa = PBXFileReference; lastKnownFileType = sourcecode.swift; path = SelfProfileView.swift; sourceTree = "<group>"; };
		664B8F022AC5F1AA001E8C7F /* FlavorFeed.app */ = {isa = PBXFileReference; explicitFileType = wrapper.application; includeInIndex = 0; path = FlavorFeed.app; sourceTree = BUILT_PRODUCTS_DIR; };
		664B8F052AC5F1AA001E8C7F /* FlavorFeedApp.swift */ = {isa = PBXFileReference; lastKnownFileType = sourcecode.swift; path = FlavorFeedApp.swift; sourceTree = "<group>"; };
		664B8F092AC5F1AB001E8C7F /* Assets.xcassets */ = {isa = PBXFileReference; lastKnownFileType = folder.assetcatalog; path = Assets.xcassets; sourceTree = "<group>"; };
		664B8F0C2AC5F1AB001E8C7F /* Preview Assets.xcassets */ = {isa = PBXFileReference; lastKnownFileType = folder.assetcatalog; path = "Preview Assets.xcassets"; sourceTree = "<group>"; };
		664B8F122AC5F1AB001E8C7F /* FlavorFeedTests.xctest */ = {isa = PBXFileReference; explicitFileType = wrapper.cfbundle; includeInIndex = 0; path = FlavorFeedTests.xctest; sourceTree = BUILT_PRODUCTS_DIR; };
		664B8F162AC5F1AB001E8C7F /* FlavorFeedTests.swift */ = {isa = PBXFileReference; lastKnownFileType = sourcecode.swift; path = FlavorFeedTests.swift; sourceTree = "<group>"; };
		664B8F1C2AC5F1AB001E8C7F /* FlavorFeedUITests.xctest */ = {isa = PBXFileReference; explicitFileType = wrapper.cfbundle; includeInIndex = 0; path = FlavorFeedUITests.xctest; sourceTree = BUILT_PRODUCTS_DIR; };
		664B8F202AC5F1AB001E8C7F /* FlavorFeedUITests.swift */ = {isa = PBXFileReference; lastKnownFileType = sourcecode.swift; path = FlavorFeedUITests.swift; sourceTree = "<group>"; };
		664B8F222AC5F1AB001E8C7F /* FlavorFeedUITestsLaunchTests.swift */ = {isa = PBXFileReference; lastKnownFileType = sourcecode.swift; path = FlavorFeedUITestsLaunchTests.swift; sourceTree = "<group>"; };
		6651134F2AC601E900027654 /* Post.swift */ = {isa = PBXFileReference; lastKnownFileType = sourcecode.swift; path = Post.swift; sourceTree = "<group>"; };
		665113512AC6021800027654 /* User.swift */ = {isa = PBXFileReference; lastKnownFileType = sourcecode.swift; path = User.swift; sourceTree = "<group>"; };
		668CD5162AEC1D5000A64DF1 /* LandingPage.swift */ = {isa = PBXFileReference; fileEncoding = 4; lastKnownFileType = sourcecode.swift; path = LandingPage.swift; sourceTree = "<group>"; };
		668CD5182AEC1D6500A64DF1 /* ContactsView.swift */ = {isa = PBXFileReference; fileEncoding = 4; lastKnownFileType = sourcecode.swift; path = ContactsView.swift; sourceTree = "<group>"; };
		668CD51A2AEC1D6F00A64DF1 /* MainScrollView.swift */ = {isa = PBXFileReference; fileEncoding = 4; lastKnownFileType = sourcecode.swift; path = MainScrollView.swift; sourceTree = "<group>"; };
		668CD51E2AEC205300A64DF1 /* PinsView.swift */ = {isa = PBXFileReference; fileEncoding = 4; lastKnownFileType = sourcecode.swift; path = PinsView.swift; sourceTree = "<group>"; };
		669C94AF2AE98C770075BE66 /* ToolBars.swift */ = {isa = PBXFileReference; fileEncoding = 4; lastKnownFileType = sourcecode.swift; path = ToolBars.swift; sourceTree = "<group>"; };
		B21292452ACD20480064AE5D /* GoogleService-Info.plist */ = {isa = PBXFileReference; fileEncoding = 4; lastKnownFileType = text.plist.xml; path = "GoogleService-Info.plist"; sourceTree = "<group>"; };
		B21292502ACD21500064AE5D /* ViewModel.swift */ = {isa = PBXFileReference; lastKnownFileType = sourcecode.swift; path = ViewModel.swift; sourceTree = "<group>"; };
		B2BACCCE2ACF132000F942A3 /* ContentView.swift */ = {isa = PBXFileReference; lastKnownFileType = sourcecode.swift; path = ContentView.swift; sourceTree = "<group>"; };
		B2BACCD02ACF136B00F942A3 /* Onboarding.swift */ = {isa = PBXFileReference; lastKnownFileType = sourcecode.swift; path = Onboarding.swift; sourceTree = "<group>"; };
		B2BACCD22ACF15C000F942A3 /* FlavorFeed.entitlements */ = {isa = PBXFileReference; lastKnownFileType = text.plist.entitlements; path = FlavorFeed.entitlements; sourceTree = "<group>"; };
		B2BACCD32ACF161100F942A3 /* Info.plist */ = {isa = PBXFileReference; lastKnownFileType = text.plist; path = Info.plist; sourceTree = "<group>"; };
		B2FCB8FE2AC63AA100865FCF /* FFColors.swift */ = {isa = PBXFileReference; fileEncoding = 4; lastKnownFileType = sourcecode.swift; path = FFColors.swift; sourceTree = "<group>"; };
		BF0C62DA2ADF4399003A7553 /* LoginView.swift */ = {isa = PBXFileReference; fileEncoding = 4; lastKnownFileType = sourcecode.swift; path = LoginView.swift; sourceTree = "<group>"; };
		BF0C62DC2ADF43A6003A7553 /* SignupView.swift */ = {isa = PBXFileReference; fileEncoding = 4; lastKnownFileType = sourcecode.swift; path = SignupView.swift; sourceTree = "<group>"; };
/* End PBXFileReference section */

/* Begin PBXFrameworksBuildPhase section */
		664B8EFF2AC5F1AA001E8C7F /* Frameworks */ = {
			isa = PBXFrameworksBuildPhase;
			buildActionMask = 2147483647;
			files = (
				B21292342ACD20300064AE5D /* FirebaseDatabaseSwift in Frameworks */,
				B21292322ACD20300064AE5D /* FirebaseDatabase in Frameworks */,
				B21292402ACD20300064AE5D /* FirebaseMessaging in Frameworks */,
				B212924A2ACD20850064AE5D /* FirebaseAnalyticsOnDeviceConversion in Frameworks */,
				B212922E2ACD20300064AE5D /* FirebaseAuth in Frameworks */,
				B21292482ACD20850064AE5D /* FirebaseAnalytics in Frameworks */,
				B212923C2ACD20300064AE5D /* FirebaseInAppMessaging-Beta in Frameworks */,
				B212924E2ACD20850064AE5D /* FirebaseAnalyticsWithoutAdIdSupport in Frameworks */,
				B212923A2ACD20300064AE5D /* FirebaseFirestoreSwift in Frameworks */,
				B21292382ACD20300064AE5D /* FirebaseFirestoreCombine-Community in Frameworks */,
				B212924C2ACD20850064AE5D /* FirebaseAnalyticsSwift in Frameworks */,
				B21292362ACD20300064AE5D /* FirebaseFirestore in Frameworks */,
				B21292422ACD20300064AE5D /* FirebaseStorage in Frameworks */,
				B212923E2ACD20300064AE5D /* FirebaseInAppMessagingSwift-Beta in Frameworks */,
				B21292442ACD20300064AE5D /* FirebaseStorageCombine-Community in Frameworks */,
				B21292302ACD20300064AE5D /* FirebaseAuthCombine-Community in Frameworks */,
			);
			runOnlyForDeploymentPostprocessing = 0;
		};
		664B8F0F2AC5F1AB001E8C7F /* Frameworks */ = {
			isa = PBXFrameworksBuildPhase;
			buildActionMask = 2147483647;
			files = (
			);
			runOnlyForDeploymentPostprocessing = 0;
		};
		664B8F192AC5F1AB001E8C7F /* Frameworks */ = {
			isa = PBXFrameworksBuildPhase;
			buildActionMask = 2147483647;
			files = (
			);
			runOnlyForDeploymentPostprocessing = 0;
		};
/* End PBXFrameworksBuildPhase section */

/* Begin PBXGroup section */
		662E0A272AE8BFF9007E1A1C /* Views */ = {
			isa = PBXGroup;
			children = (
				669C94AF2AE98C770075BE66 /* ToolBars.swift */,
				BF0C62DA2ADF4399003A7553 /* LoginView.swift */,
				B2BACCCE2ACF132000F942A3 /* ContentView.swift */,
				668CD5182AEC1D6500A64DF1 /* ContactsView.swift */,
				B2BACCD02ACF136B00F942A3 /* Onboarding.swift */,
				BF0C62DC2ADF43A6003A7553 /* SignupView.swift */,
				668CD5162AEC1D5000A64DF1 /* LandingPage.swift */,
				6602DD8B2AC625EF008C3177 /* SelfProfileView.swift */,
				668CD51A2AEC1D6F00A64DF1 /* MainScrollView.swift */,
				48349B1F2ACCCAEF00F672E3 /* CalendarView.swift */,
				48349B212ACCCAF600F672E3 /* MapView.swift */,
				48349B1B2ACCCADA00F672E3 /* BioView.swift */,
				668CD51E2AEC205300A64DF1 /* PinsView.swift */,
			);
			path = Views;
			sourceTree = "<group>";
		};
		664B8EF92AC5F1AA001E8C7F = {
			isa = PBXGroup;
			children = (
				664B8F042AC5F1AA001E8C7F /* FlavorFeed */,
				664B8F152AC5F1AB001E8C7F /* FlavorFeedTests */,
				664B8F1F2AC5F1AB001E8C7F /* FlavorFeedUITests */,
				664B8F032AC5F1AA001E8C7F /* Products */,
			);
			sourceTree = "<group>";
		};
		664B8F032AC5F1AA001E8C7F /* Products */ = {
			isa = PBXGroup;
			children = (
				664B8F022AC5F1AA001E8C7F /* FlavorFeed.app */,
				664B8F122AC5F1AB001E8C7F /* FlavorFeedTests.xctest */,
				664B8F1C2AC5F1AB001E8C7F /* FlavorFeedUITests.xctest */,
			);
			name = Products;
			sourceTree = "<group>";
		};
		664B8F042AC5F1AA001E8C7F /* FlavorFeed */ = {
			isa = PBXGroup;
			children = (
				B2BACCD32ACF161100F942A3 /* Info.plist */,
				B2BACCD22ACF15C000F942A3 /* FlavorFeed.entitlements */,
				664B8F052AC5F1AA001E8C7F /* FlavorFeedApp.swift */,
				662E0A272AE8BFF9007E1A1C /* Views */,
				B21292522ACD21570064AE5D /* ViewModels */,
				6651134C2AC601AF00027654 /* Models */,
				664B8F092AC5F1AB001E8C7F /* Assets.xcassets */,
				B21292452ACD20480064AE5D /* GoogleService-Info.plist */,
				664B8F0B2AC5F1AB001E8C7F /* Preview Content */,
			);
			path = FlavorFeed;
			sourceTree = "<group>";
		};
		664B8F0B2AC5F1AB001E8C7F /* Preview Content */ = {
			isa = PBXGroup;
			children = (
				664B8F0C2AC5F1AB001E8C7F /* Preview Assets.xcassets */,
			);
			path = "Preview Content";
			sourceTree = "<group>";
		};
		664B8F152AC5F1AB001E8C7F /* FlavorFeedTests */ = {
			isa = PBXGroup;
			children = (
				664B8F162AC5F1AB001E8C7F /* FlavorFeedTests.swift */,
			);
			path = FlavorFeedTests;
			sourceTree = "<group>";
		};
		664B8F1F2AC5F1AB001E8C7F /* FlavorFeedUITests */ = {
			isa = PBXGroup;
			children = (
				664B8F202AC5F1AB001E8C7F /* FlavorFeedUITests.swift */,
				664B8F222AC5F1AB001E8C7F /* FlavorFeedUITestsLaunchTests.swift */,
			);
			path = FlavorFeedUITests;
			sourceTree = "<group>";
		};
		6651134C2AC601AF00027654 /* Models */ = {
			isa = PBXGroup;
			children = (
				B2FCB8FE2AC63AA100865FCF /* FFColors.swift */,
				6651134F2AC601E900027654 /* Post.swift */,
				665113512AC6021800027654 /* User.swift */,
				489E36122AD8ACE900369ECB /* Comment.swift */,
			);
			path = Models;
			sourceTree = "<group>";
		};
		B21292522ACD21570064AE5D /* ViewModels */ = {
			isa = PBXGroup;
			children = (
				B21292502ACD21500064AE5D /* ViewModel.swift */,
			);
			path = ViewModels;
			sourceTree = "<group>";
		};
/* End PBXGroup section */

/* Begin PBXNativeTarget section */
		664B8F012AC5F1AA001E8C7F /* FlavorFeed */ = {
			isa = PBXNativeTarget;
			buildConfigurationList = 664B8F262AC5F1AB001E8C7F /* Build configuration list for PBXNativeTarget "FlavorFeed" */;
			buildPhases = (
				664B8EFE2AC5F1AA001E8C7F /* Sources */,
				664B8EFF2AC5F1AA001E8C7F /* Frameworks */,
				664B8F002AC5F1AA001E8C7F /* Resources */,
			);
			buildRules = (
			);
			dependencies = (
			);
			name = FlavorFeed;
			packageProductDependencies = (
				B212922D2ACD20300064AE5D /* FirebaseAuth */,
				B212922F2ACD20300064AE5D /* FirebaseAuthCombine-Community */,
				B21292312ACD20300064AE5D /* FirebaseDatabase */,
				B21292332ACD20300064AE5D /* FirebaseDatabaseSwift */,
				B21292352ACD20300064AE5D /* FirebaseFirestore */,
				B21292372ACD20300064AE5D /* FirebaseFirestoreCombine-Community */,
				B21292392ACD20300064AE5D /* FirebaseFirestoreSwift */,
				B212923B2ACD20300064AE5D /* FirebaseInAppMessaging-Beta */,
				B212923D2ACD20300064AE5D /* FirebaseInAppMessagingSwift-Beta */,
				B212923F2ACD20300064AE5D /* FirebaseMessaging */,
				B21292412ACD20300064AE5D /* FirebaseStorage */,
				B21292432ACD20300064AE5D /* FirebaseStorageCombine-Community */,
				B21292472ACD20850064AE5D /* FirebaseAnalytics */,
				B21292492ACD20850064AE5D /* FirebaseAnalyticsOnDeviceConversion */,
				B212924B2ACD20850064AE5D /* FirebaseAnalyticsSwift */,
				B212924D2ACD20850064AE5D /* FirebaseAnalyticsWithoutAdIdSupport */,
			);
			productName = FlavorFeed;
			productReference = 664B8F022AC5F1AA001E8C7F /* FlavorFeed.app */;
			productType = "com.apple.product-type.application";
		};
		664B8F112AC5F1AB001E8C7F /* FlavorFeedTests */ = {
			isa = PBXNativeTarget;
			buildConfigurationList = 664B8F292AC5F1AB001E8C7F /* Build configuration list for PBXNativeTarget "FlavorFeedTests" */;
			buildPhases = (
				664B8F0E2AC5F1AB001E8C7F /* Sources */,
				664B8F0F2AC5F1AB001E8C7F /* Frameworks */,
				664B8F102AC5F1AB001E8C7F /* Resources */,
			);
			buildRules = (
			);
			dependencies = (
				664B8F142AC5F1AB001E8C7F /* PBXTargetDependency */,
			);
			name = FlavorFeedTests;
			productName = FlavorFeedTests;
			productReference = 664B8F122AC5F1AB001E8C7F /* FlavorFeedTests.xctest */;
			productType = "com.apple.product-type.bundle.unit-test";
		};
		664B8F1B2AC5F1AB001E8C7F /* FlavorFeedUITests */ = {
			isa = PBXNativeTarget;
			buildConfigurationList = 664B8F2C2AC5F1AB001E8C7F /* Build configuration list for PBXNativeTarget "FlavorFeedUITests" */;
			buildPhases = (
				664B8F182AC5F1AB001E8C7F /* Sources */,
				664B8F192AC5F1AB001E8C7F /* Frameworks */,
				664B8F1A2AC5F1AB001E8C7F /* Resources */,
			);
			buildRules = (
			);
			dependencies = (
				664B8F1E2AC5F1AB001E8C7F /* PBXTargetDependency */,
			);
			name = FlavorFeedUITests;
			productName = FlavorFeedUITests;
			productReference = 664B8F1C2AC5F1AB001E8C7F /* FlavorFeedUITests.xctest */;
			productType = "com.apple.product-type.bundle.ui-testing";
		};
/* End PBXNativeTarget section */

/* Begin PBXProject section */
		664B8EFA2AC5F1AA001E8C7F /* Project object */ = {
			isa = PBXProject;
			attributes = {
				BuildIndependentTargetsInParallel = 1;
				LastSwiftUpdateCheck = 1500;
				LastUpgradeCheck = 1500;
				TargetAttributes = {
					664B8F012AC5F1AA001E8C7F = {
						CreatedOnToolsVersion = 15.0;
					};
					664B8F112AC5F1AB001E8C7F = {
						CreatedOnToolsVersion = 15.0;
						TestTargetID = 664B8F012AC5F1AA001E8C7F;
					};
					664B8F1B2AC5F1AB001E8C7F = {
						CreatedOnToolsVersion = 15.0;
						TestTargetID = 664B8F012AC5F1AA001E8C7F;
					};
				};
			};
			buildConfigurationList = 664B8EFD2AC5F1AA001E8C7F /* Build configuration list for PBXProject "FlavorFeed" */;
			compatibilityVersion = "Xcode 14.0";
			developmentRegion = en;
			hasScannedForEncodings = 0;
			knownRegions = (
				en,
				Base,
			);
			mainGroup = 664B8EF92AC5F1AA001E8C7F;
			packageReferences = (
				B212922C2ACD20300064AE5D /* XCRemoteSwiftPackageReference "firebase-ios-sdk" */,
			);
			productRefGroup = 664B8F032AC5F1AA001E8C7F /* Products */;
			projectDirPath = "";
			projectRoot = "";
			targets = (
				664B8F012AC5F1AA001E8C7F /* FlavorFeed */,
				664B8F112AC5F1AB001E8C7F /* FlavorFeedTests */,
				664B8F1B2AC5F1AB001E8C7F /* FlavorFeedUITests */,
			);
		};
/* End PBXProject section */

/* Begin PBXResourcesBuildPhase section */
		664B8F002AC5F1AA001E8C7F /* Resources */ = {
			isa = PBXResourcesBuildPhase;
			buildActionMask = 2147483647;
			files = (
				B21292462ACD20480064AE5D /* GoogleService-Info.plist in Resources */,
				664B8F0D2AC5F1AB001E8C7F /* Preview Assets.xcassets in Resources */,
				664B8F0A2AC5F1AB001E8C7F /* Assets.xcassets in Resources */,
			);
			runOnlyForDeploymentPostprocessing = 0;
		};
		664B8F102AC5F1AB001E8C7F /* Resources */ = {
			isa = PBXResourcesBuildPhase;
			buildActionMask = 2147483647;
			files = (
			);
			runOnlyForDeploymentPostprocessing = 0;
		};
		664B8F1A2AC5F1AB001E8C7F /* Resources */ = {
			isa = PBXResourcesBuildPhase;
			buildActionMask = 2147483647;
			files = (
			);
			runOnlyForDeploymentPostprocessing = 0;
		};
/* End PBXResourcesBuildPhase section */

/* Begin PBXSourcesBuildPhase section */
		664B8EFE2AC5F1AA001E8C7F /* Sources */ = {
			isa = PBXSourcesBuildPhase;
			buildActionMask = 2147483647;
			files = (
				48349B202ACCCAEF00F672E3 /* CalendarView.swift in Sources */,
				48349B222ACCCAF600F672E3 /* MapView.swift in Sources */,
				48349B1C2ACCCADA00F672E3 /* BioView.swift in Sources */,
				668CD5192AEC1D6500A64DF1 /* ContactsView.swift in Sources */,
				665113522AC6021800027654 /* User.swift in Sources */,
				B212924F2ACD213C0064AE5D /* (null) in Sources */,
				668CD51F2AEC205300A64DF1 /* PinsView.swift in Sources */,
				B2BACCCD2ACF12B300F942A3 /* SelfProfileView.swift in Sources */,
				B2FCB8FF2AC63AA200865FCF /* FFColors.swift in Sources */,
				668CD51B2AEC1D6F00A64DF1 /* MainScrollView.swift in Sources */,
				665113502AC601E900027654 /* Post.swift in Sources */,
				B2BACCD12ACF136B00F942A3 /* Onboarding.swift in Sources */,
				668CD5172AEC1D5000A64DF1 /* LandingPage.swift in Sources */,
				669C94B02AE98C770075BE66 /* ToolBars.swift in Sources */,
				BF0C62DB2ADF4399003A7553 /* LoginView.swift in Sources */,
				B21292512ACD21500064AE5D /* ViewModel.swift in Sources */,
				489E36132AD8ACE900369ECB /* Comment.swift in Sources */,
				B2BACCCF2ACF132000F942A3 /* ContentView.swift in Sources */,
				664B8F062AC5F1AA001E8C7F /* FlavorFeedApp.swift in Sources */,
				B2BACCCC2ACF12B300F942A3 /* (null) in Sources */,
				BF0C62DD2ADF43A6003A7553 /* SignupView.swift in Sources */,
				B2BACCCB2ACF12B300F942A3 /* (null) in Sources */,
			);
			runOnlyForDeploymentPostprocessing = 0;
		};
		664B8F0E2AC5F1AB001E8C7F /* Sources */ = {
			isa = PBXSourcesBuildPhase;
			buildActionMask = 2147483647;
			files = (
				664B8F172AC5F1AB001E8C7F /* FlavorFeedTests.swift in Sources */,
			);
			runOnlyForDeploymentPostprocessing = 0;
		};
		664B8F182AC5F1AB001E8C7F /* Sources */ = {
			isa = PBXSourcesBuildPhase;
			buildActionMask = 2147483647;
			files = (
				664B8F232AC5F1AB001E8C7F /* FlavorFeedUITestsLaunchTests.swift in Sources */,
				664B8F212AC5F1AB001E8C7F /* FlavorFeedUITests.swift in Sources */,
			);
			runOnlyForDeploymentPostprocessing = 0;
		};
/* End PBXSourcesBuildPhase section */

/* Begin PBXTargetDependency section */
		664B8F142AC5F1AB001E8C7F /* PBXTargetDependency */ = {
			isa = PBXTargetDependency;
			target = 664B8F012AC5F1AA001E8C7F /* FlavorFeed */;
			targetProxy = 664B8F132AC5F1AB001E8C7F /* PBXContainerItemProxy */;
		};
		664B8F1E2AC5F1AB001E8C7F /* PBXTargetDependency */ = {
			isa = PBXTargetDependency;
			target = 664B8F012AC5F1AA001E8C7F /* FlavorFeed */;
			targetProxy = 664B8F1D2AC5F1AB001E8C7F /* PBXContainerItemProxy */;
		};
/* End PBXTargetDependency section */

/* Begin XCBuildConfiguration section */
		664B8F242AC5F1AB001E8C7F /* Debug */ = {
			isa = XCBuildConfiguration;
			buildSettings = {
				ALWAYS_SEARCH_USER_PATHS = NO;
				ASSETCATALOG_COMPILER_GENERATE_SWIFT_ASSET_SYMBOL_EXTENSIONS = YES;
				CLANG_ANALYZER_NONNULL = YES;
				CLANG_ANALYZER_NUMBER_OBJECT_CONVERSION = YES_AGGRESSIVE;
				CLANG_CXX_LANGUAGE_STANDARD = "gnu++20";
				CLANG_ENABLE_MODULES = YES;
				CLANG_ENABLE_OBJC_ARC = YES;
				CLANG_ENABLE_OBJC_WEAK = YES;
				CLANG_WARN_BLOCK_CAPTURE_AUTORELEASING = YES;
				CLANG_WARN_BOOL_CONVERSION = YES;
				CLANG_WARN_COMMA = YES;
				CLANG_WARN_CONSTANT_CONVERSION = YES;
				CLANG_WARN_DEPRECATED_OBJC_IMPLEMENTATIONS = YES;
				CLANG_WARN_DIRECT_OBJC_ISA_USAGE = YES_ERROR;
				CLANG_WARN_DOCUMENTATION_COMMENTS = YES;
				CLANG_WARN_EMPTY_BODY = YES;
				CLANG_WARN_ENUM_CONVERSION = YES;
				CLANG_WARN_INFINITE_RECURSION = YES;
				CLANG_WARN_INT_CONVERSION = YES;
				CLANG_WARN_NON_LITERAL_NULL_CONVERSION = YES;
				CLANG_WARN_OBJC_IMPLICIT_RETAIN_SELF = YES;
				CLANG_WARN_OBJC_LITERAL_CONVERSION = YES;
				CLANG_WARN_OBJC_ROOT_CLASS = YES_ERROR;
				CLANG_WARN_QUOTED_INCLUDE_IN_FRAMEWORK_HEADER = YES;
				CLANG_WARN_RANGE_LOOP_ANALYSIS = YES;
				CLANG_WARN_STRICT_PROTOTYPES = YES;
				CLANG_WARN_SUSPICIOUS_MOVE = YES;
				CLANG_WARN_UNGUARDED_AVAILABILITY = YES_AGGRESSIVE;
				CLANG_WARN_UNREACHABLE_CODE = YES;
				CLANG_WARN__DUPLICATE_METHOD_MATCH = YES;
				COPY_PHASE_STRIP = NO;
				DEBUG_INFORMATION_FORMAT = dwarf;
				ENABLE_STRICT_OBJC_MSGSEND = YES;
				ENABLE_TESTABILITY = YES;
				ENABLE_USER_SCRIPT_SANDBOXING = YES;
				GCC_C_LANGUAGE_STANDARD = gnu17;
				GCC_DYNAMIC_NO_PIC = NO;
				GCC_NO_COMMON_BLOCKS = YES;
				GCC_OPTIMIZATION_LEVEL = 0;
				GCC_PREPROCESSOR_DEFINITIONS = (
					"DEBUG=1",
					"$(inherited)",
				);
				GCC_WARN_64_TO_32_BIT_CONVERSION = YES;
				GCC_WARN_ABOUT_RETURN_TYPE = YES_ERROR;
				GCC_WARN_UNDECLARED_SELECTOR = YES;
				GCC_WARN_UNINITIALIZED_AUTOS = YES_AGGRESSIVE;
				GCC_WARN_UNUSED_FUNCTION = YES;
				GCC_WARN_UNUSED_VARIABLE = YES;
				IPHONEOS_DEPLOYMENT_TARGET = 16.5;
				LOCALIZATION_PREFERS_STRING_CATALOGS = YES;
				MTL_ENABLE_DEBUG_INFO = INCLUDE_SOURCE;
				MTL_FAST_MATH = YES;
				ONLY_ACTIVE_ARCH = YES;
				SDKROOT = iphoneos;
				SWIFT_ACTIVE_COMPILATION_CONDITIONS = "DEBUG $(inherited)";
				SWIFT_OPTIMIZATION_LEVEL = "-Onone";
			};
			name = Debug;
		};
		664B8F252AC5F1AB001E8C7F /* Release */ = {
			isa = XCBuildConfiguration;
			buildSettings = {
				ALWAYS_SEARCH_USER_PATHS = NO;
				ASSETCATALOG_COMPILER_GENERATE_SWIFT_ASSET_SYMBOL_EXTENSIONS = YES;
				CLANG_ANALYZER_NONNULL = YES;
				CLANG_ANALYZER_NUMBER_OBJECT_CONVERSION = YES_AGGRESSIVE;
				CLANG_CXX_LANGUAGE_STANDARD = "gnu++20";
				CLANG_ENABLE_MODULES = YES;
				CLANG_ENABLE_OBJC_ARC = YES;
				CLANG_ENABLE_OBJC_WEAK = YES;
				CLANG_WARN_BLOCK_CAPTURE_AUTORELEASING = YES;
				CLANG_WARN_BOOL_CONVERSION = YES;
				CLANG_WARN_COMMA = YES;
				CLANG_WARN_CONSTANT_CONVERSION = YES;
				CLANG_WARN_DEPRECATED_OBJC_IMPLEMENTATIONS = YES;
				CLANG_WARN_DIRECT_OBJC_ISA_USAGE = YES_ERROR;
				CLANG_WARN_DOCUMENTATION_COMMENTS = YES;
				CLANG_WARN_EMPTY_BODY = YES;
				CLANG_WARN_ENUM_CONVERSION = YES;
				CLANG_WARN_INFINITE_RECURSION = YES;
				CLANG_WARN_INT_CONVERSION = YES;
				CLANG_WARN_NON_LITERAL_NULL_CONVERSION = YES;
				CLANG_WARN_OBJC_IMPLICIT_RETAIN_SELF = YES;
				CLANG_WARN_OBJC_LITERAL_CONVERSION = YES;
				CLANG_WARN_OBJC_ROOT_CLASS = YES_ERROR;
				CLANG_WARN_QUOTED_INCLUDE_IN_FRAMEWORK_HEADER = YES;
				CLANG_WARN_RANGE_LOOP_ANALYSIS = YES;
				CLANG_WARN_STRICT_PROTOTYPES = YES;
				CLANG_WARN_SUSPICIOUS_MOVE = YES;
				CLANG_WARN_UNGUARDED_AVAILABILITY = YES_AGGRESSIVE;
				CLANG_WARN_UNREACHABLE_CODE = YES;
				CLANG_WARN__DUPLICATE_METHOD_MATCH = YES;
				COPY_PHASE_STRIP = NO;
				DEBUG_INFORMATION_FORMAT = "dwarf-with-dsym";
				ENABLE_NS_ASSERTIONS = NO;
				ENABLE_STRICT_OBJC_MSGSEND = YES;
				ENABLE_USER_SCRIPT_SANDBOXING = YES;
				GCC_C_LANGUAGE_STANDARD = gnu17;
				GCC_NO_COMMON_BLOCKS = YES;
				GCC_WARN_64_TO_32_BIT_CONVERSION = YES;
				GCC_WARN_ABOUT_RETURN_TYPE = YES_ERROR;
				GCC_WARN_UNDECLARED_SELECTOR = YES;
				GCC_WARN_UNINITIALIZED_AUTOS = YES_AGGRESSIVE;
				GCC_WARN_UNUSED_FUNCTION = YES;
				GCC_WARN_UNUSED_VARIABLE = YES;
				IPHONEOS_DEPLOYMENT_TARGET = 16.5;
				LOCALIZATION_PREFERS_STRING_CATALOGS = YES;
				MTL_ENABLE_DEBUG_INFO = NO;
				MTL_FAST_MATH = YES;
				SDKROOT = iphoneos;
				SWIFT_COMPILATION_MODE = wholemodule;
				VALIDATE_PRODUCT = YES;
			};
			name = Release;
		};
		664B8F272AC5F1AB001E8C7F /* Debug */ = {
			isa = XCBuildConfiguration;
			buildSettings = {
				ASSETCATALOG_COMPILER_APPICON_NAME = AppIcon;
				ASSETCATALOG_COMPILER_GLOBAL_ACCENT_COLOR_NAME = AccentColor;
				CODE_SIGN_ENTITLEMENTS = FlavorFeed/FlavorFeed.entitlements;
				CODE_SIGN_STYLE = Automatic;
				CURRENT_PROJECT_VERSION = 1;
				DEVELOPMENT_ASSET_PATHS = "\"FlavorFeed/Preview Content\"";
				DEVELOPMENT_TEAM = "";
				ENABLE_PREVIEWS = YES;
				GENERATE_INFOPLIST_FILE = YES;
				INFOPLIST_FILE = FlavorFeed/Info.plist;
				INFOPLIST_KEY_UIApplicationSceneManifest_Generation = YES;
				INFOPLIST_KEY_UIApplicationSupportsIndirectInputEvents = YES;
				INFOPLIST_KEY_UILaunchScreen_Generation = YES;
				INFOPLIST_KEY_UISupportedInterfaceOrientations_iPad = "UIInterfaceOrientationPortrait UIInterfaceOrientationPortraitUpsideDown UIInterfaceOrientationLandscapeLeft UIInterfaceOrientationLandscapeRight";
				INFOPLIST_KEY_UISupportedInterfaceOrientations_iPhone = "UIInterfaceOrientationPortrait UIInterfaceOrientationLandscapeLeft UIInterfaceOrientationLandscapeRight";
				LD_RUNPATH_SEARCH_PATHS = (
					"$(inherited)",
					"@executable_path/Frameworks",
				);
				MARKETING_VERSION = 1.0;
				PRODUCT_BUNDLE_IDENTIFIER = "Arina-Shah.FlavorFeed";
				PRODUCT_NAME = "$(TARGET_NAME)";
				SWIFT_EMIT_LOC_STRINGS = YES;
				SWIFT_VERSION = 5.0;
				TARGETED_DEVICE_FAMILY = "1,2";
			};
			name = Debug;
		};
		664B8F282AC5F1AB001E8C7F /* Release */ = {
			isa = XCBuildConfiguration;
			buildSettings = {
				ASSETCATALOG_COMPILER_APPICON_NAME = AppIcon;
				ASSETCATALOG_COMPILER_GLOBAL_ACCENT_COLOR_NAME = AccentColor;
				CODE_SIGN_ENTITLEMENTS = FlavorFeed/FlavorFeed.entitlements;
				CODE_SIGN_STYLE = Automatic;
				CURRENT_PROJECT_VERSION = 1;
				DEVELOPMENT_ASSET_PATHS = "\"FlavorFeed/Preview Content\"";
				DEVELOPMENT_TEAM = "";
				ENABLE_PREVIEWS = YES;
				GENERATE_INFOPLIST_FILE = YES;
				INFOPLIST_FILE = FlavorFeed/Info.plist;
				INFOPLIST_KEY_UIApplicationSceneManifest_Generation = YES;
				INFOPLIST_KEY_UIApplicationSupportsIndirectInputEvents = YES;
				INFOPLIST_KEY_UILaunchScreen_Generation = YES;
				INFOPLIST_KEY_UISupportedInterfaceOrientations_iPad = "UIInterfaceOrientationPortrait UIInterfaceOrientationPortraitUpsideDown UIInterfaceOrientationLandscapeLeft UIInterfaceOrientationLandscapeRight";
				INFOPLIST_KEY_UISupportedInterfaceOrientations_iPhone = "UIInterfaceOrientationPortrait UIInterfaceOrientationLandscapeLeft UIInterfaceOrientationLandscapeRight";
				LD_RUNPATH_SEARCH_PATHS = (
					"$(inherited)",
					"@executable_path/Frameworks",
				);
				MARKETING_VERSION = 1.0;
				PRODUCT_BUNDLE_IDENTIFIER = "Arina-Shah.FlavorFeed";
				PRODUCT_NAME = "$(TARGET_NAME)";
				SWIFT_EMIT_LOC_STRINGS = YES;
				SWIFT_VERSION = 5.0;
				TARGETED_DEVICE_FAMILY = "1,2";
			};
			name = Release;
		};
		664B8F2A2AC5F1AB001E8C7F /* Debug */ = {
			isa = XCBuildConfiguration;
			buildSettings = {
				ALWAYS_EMBED_SWIFT_STANDARD_LIBRARIES = YES;
				BUNDLE_LOADER = "$(TEST_HOST)";
				CODE_SIGN_STYLE = Automatic;
				CURRENT_PROJECT_VERSION = 1;
				DEVELOPMENT_TEAM = W25VYB4Y9F;
				GENERATE_INFOPLIST_FILE = YES;
				IPHONEOS_DEPLOYMENT_TARGET = 17.0;
				MARKETING_VERSION = 1.0;
				PRODUCT_BUNDLE_IDENTIFIER = "Arina-Shah.FlavorFeedTests";
				PRODUCT_NAME = "$(TARGET_NAME)";
				SWIFT_EMIT_LOC_STRINGS = NO;
				SWIFT_VERSION = 5.0;
				TARGETED_DEVICE_FAMILY = "1,2";
				TEST_HOST = "$(BUILT_PRODUCTS_DIR)/FlavorFeed.app/$(BUNDLE_EXECUTABLE_FOLDER_PATH)/FlavorFeed";
			};
			name = Debug;
		};
		664B8F2B2AC5F1AB001E8C7F /* Release */ = {
			isa = XCBuildConfiguration;
			buildSettings = {
				ALWAYS_EMBED_SWIFT_STANDARD_LIBRARIES = YES;
				BUNDLE_LOADER = "$(TEST_HOST)";
				CODE_SIGN_STYLE = Automatic;
				CURRENT_PROJECT_VERSION = 1;
				DEVELOPMENT_TEAM = W25VYB4Y9F;
				GENERATE_INFOPLIST_FILE = YES;
				IPHONEOS_DEPLOYMENT_TARGET = 17.0;
				MARKETING_VERSION = 1.0;
				PRODUCT_BUNDLE_IDENTIFIER = "Arina-Shah.FlavorFeedTests";
				PRODUCT_NAME = "$(TARGET_NAME)";
				SWIFT_EMIT_LOC_STRINGS = NO;
				SWIFT_VERSION = 5.0;
				TARGETED_DEVICE_FAMILY = "1,2";
				TEST_HOST = "$(BUILT_PRODUCTS_DIR)/FlavorFeed.app/$(BUNDLE_EXECUTABLE_FOLDER_PATH)/FlavorFeed";
			};
			name = Release;
		};
		664B8F2D2AC5F1AB001E8C7F /* Debug */ = {
			isa = XCBuildConfiguration;
			buildSettings = {
				ALWAYS_EMBED_SWIFT_STANDARD_LIBRARIES = YES;
				CODE_SIGN_STYLE = Automatic;
				CURRENT_PROJECT_VERSION = 1;
				DEVELOPMENT_TEAM = W25VYB4Y9F;
				GENERATE_INFOPLIST_FILE = YES;
				MARKETING_VERSION = 1.0;
				PRODUCT_BUNDLE_IDENTIFIER = "Arina-Shah.FlavorFeedUITests";
				PRODUCT_NAME = "$(TARGET_NAME)";
				SWIFT_EMIT_LOC_STRINGS = NO;
				SWIFT_VERSION = 5.0;
				TARGETED_DEVICE_FAMILY = "1,2";
				TEST_TARGET_NAME = FlavorFeed;
			};
			name = Debug;
		};
		664B8F2E2AC5F1AB001E8C7F /* Release */ = {
			isa = XCBuildConfiguration;
			buildSettings = {
				ALWAYS_EMBED_SWIFT_STANDARD_LIBRARIES = YES;
				CODE_SIGN_STYLE = Automatic;
				CURRENT_PROJECT_VERSION = 1;
				DEVELOPMENT_TEAM = W25VYB4Y9F;
				GENERATE_INFOPLIST_FILE = YES;
				MARKETING_VERSION = 1.0;
				PRODUCT_BUNDLE_IDENTIFIER = "Arina-Shah.FlavorFeedUITests";
				PRODUCT_NAME = "$(TARGET_NAME)";
				SWIFT_EMIT_LOC_STRINGS = NO;
				SWIFT_VERSION = 5.0;
				TARGETED_DEVICE_FAMILY = "1,2";
				TEST_TARGET_NAME = FlavorFeed;
			};
			name = Release;
		};
/* End XCBuildConfiguration section */

/* Begin XCConfigurationList section */
		664B8EFD2AC5F1AA001E8C7F /* Build configuration list for PBXProject "FlavorFeed" */ = {
			isa = XCConfigurationList;
			buildConfigurations = (
				664B8F242AC5F1AB001E8C7F /* Debug */,
				664B8F252AC5F1AB001E8C7F /* Release */,
			);
			defaultConfigurationIsVisible = 0;
			defaultConfigurationName = Release;
		};
		664B8F262AC5F1AB001E8C7F /* Build configuration list for PBXNativeTarget "FlavorFeed" */ = {
			isa = XCConfigurationList;
			buildConfigurations = (
				664B8F272AC5F1AB001E8C7F /* Debug */,
				664B8F282AC5F1AB001E8C7F /* Release */,
			);
			defaultConfigurationIsVisible = 0;
			defaultConfigurationName = Release;
		};
		664B8F292AC5F1AB001E8C7F /* Build configuration list for PBXNativeTarget "FlavorFeedTests" */ = {
			isa = XCConfigurationList;
			buildConfigurations = (
				664B8F2A2AC5F1AB001E8C7F /* Debug */,
				664B8F2B2AC5F1AB001E8C7F /* Release */,
			);
			defaultConfigurationIsVisible = 0;
			defaultConfigurationName = Release;
		};
		664B8F2C2AC5F1AB001E8C7F /* Build configuration list for PBXNativeTarget "FlavorFeedUITests" */ = {
			isa = XCConfigurationList;
			buildConfigurations = (
				664B8F2D2AC5F1AB001E8C7F /* Debug */,
				664B8F2E2AC5F1AB001E8C7F /* Release */,
			);
			defaultConfigurationIsVisible = 0;
			defaultConfigurationName = Release;
		};
/* End XCConfigurationList section */

/* Begin XCRemoteSwiftPackageReference section */
		B212922C2ACD20300064AE5D /* XCRemoteSwiftPackageReference "firebase-ios-sdk" */ = {
			isa = XCRemoteSwiftPackageReference;
			repositoryURL = "https://github.com/firebase/firebase-ios-sdk";
			requirement = {
				kind = upToNextMajorVersion;
				minimumVersion = 10.16.0;
			};
		};
/* End XCRemoteSwiftPackageReference section */

/* Begin XCSwiftPackageProductDependency section */
		B212922D2ACD20300064AE5D /* FirebaseAuth */ = {
			isa = XCSwiftPackageProductDependency;
			package = B212922C2ACD20300064AE5D /* XCRemoteSwiftPackageReference "firebase-ios-sdk" */;
			productName = FirebaseAuth;
		};
		B212922F2ACD20300064AE5D /* FirebaseAuthCombine-Community */ = {
			isa = XCSwiftPackageProductDependency;
			package = B212922C2ACD20300064AE5D /* XCRemoteSwiftPackageReference "firebase-ios-sdk" */;
			productName = "FirebaseAuthCombine-Community";
		};
		B21292312ACD20300064AE5D /* FirebaseDatabase */ = {
			isa = XCSwiftPackageProductDependency;
			package = B212922C2ACD20300064AE5D /* XCRemoteSwiftPackageReference "firebase-ios-sdk" */;
			productName = FirebaseDatabase;
		};
		B21292332ACD20300064AE5D /* FirebaseDatabaseSwift */ = {
			isa = XCSwiftPackageProductDependency;
			package = B212922C2ACD20300064AE5D /* XCRemoteSwiftPackageReference "firebase-ios-sdk" */;
			productName = FirebaseDatabaseSwift;
		};
		B21292352ACD20300064AE5D /* FirebaseFirestore */ = {
			isa = XCSwiftPackageProductDependency;
			package = B212922C2ACD20300064AE5D /* XCRemoteSwiftPackageReference "firebase-ios-sdk" */;
			productName = FirebaseFirestore;
		};
		B21292372ACD20300064AE5D /* FirebaseFirestoreCombine-Community */ = {
			isa = XCSwiftPackageProductDependency;
			package = B212922C2ACD20300064AE5D /* XCRemoteSwiftPackageReference "firebase-ios-sdk" */;
			productName = "FirebaseFirestoreCombine-Community";
		};
		B21292392ACD20300064AE5D /* FirebaseFirestoreSwift */ = {
			isa = XCSwiftPackageProductDependency;
			package = B212922C2ACD20300064AE5D /* XCRemoteSwiftPackageReference "firebase-ios-sdk" */;
			productName = FirebaseFirestoreSwift;
		};
		B212923B2ACD20300064AE5D /* FirebaseInAppMessaging-Beta */ = {
			isa = XCSwiftPackageProductDependency;
			package = B212922C2ACD20300064AE5D /* XCRemoteSwiftPackageReference "firebase-ios-sdk" */;
			productName = "FirebaseInAppMessaging-Beta";
		};
		B212923D2ACD20300064AE5D /* FirebaseInAppMessagingSwift-Beta */ = {
			isa = XCSwiftPackageProductDependency;
			package = B212922C2ACD20300064AE5D /* XCRemoteSwiftPackageReference "firebase-ios-sdk" */;
			productName = "FirebaseInAppMessagingSwift-Beta";
		};
		B212923F2ACD20300064AE5D /* FirebaseMessaging */ = {
			isa = XCSwiftPackageProductDependency;
			package = B212922C2ACD20300064AE5D /* XCRemoteSwiftPackageReference "firebase-ios-sdk" */;
			productName = FirebaseMessaging;
		};
		B21292412ACD20300064AE5D /* FirebaseStorage */ = {
			isa = XCSwiftPackageProductDependency;
			package = B212922C2ACD20300064AE5D /* XCRemoteSwiftPackageReference "firebase-ios-sdk" */;
			productName = FirebaseStorage;
		};
		B21292432ACD20300064AE5D /* FirebaseStorageCombine-Community */ = {
			isa = XCSwiftPackageProductDependency;
			package = B212922C2ACD20300064AE5D /* XCRemoteSwiftPackageReference "firebase-ios-sdk" */;
			productName = "FirebaseStorageCombine-Community";
		};
		B21292472ACD20850064AE5D /* FirebaseAnalytics */ = {
			isa = XCSwiftPackageProductDependency;
			package = B212922C2ACD20300064AE5D /* XCRemoteSwiftPackageReference "firebase-ios-sdk" */;
			productName = FirebaseAnalytics;
		};
		B21292492ACD20850064AE5D /* FirebaseAnalyticsOnDeviceConversion */ = {
			isa = XCSwiftPackageProductDependency;
			package = B212922C2ACD20300064AE5D /* XCRemoteSwiftPackageReference "firebase-ios-sdk" */;
			productName = FirebaseAnalyticsOnDeviceConversion;
		};
		B212924B2ACD20850064AE5D /* FirebaseAnalyticsSwift */ = {
			isa = XCSwiftPackageProductDependency;
			package = B212922C2ACD20300064AE5D /* XCRemoteSwiftPackageReference "firebase-ios-sdk" */;
			productName = FirebaseAnalyticsSwift;
		};
		B212924D2ACD20850064AE5D /* FirebaseAnalyticsWithoutAdIdSupport */ = {
			isa = XCSwiftPackageProductDependency;
			package = B212922C2ACD20300064AE5D /* XCRemoteSwiftPackageReference "firebase-ios-sdk" */;
			productName = FirebaseAnalyticsWithoutAdIdSupport;
		};
/* End XCSwiftPackageProductDependency section */
	};
	rootObject = 664B8EFA2AC5F1AA001E8C7F /* Project object */;
}
